
Microsoft Visual Studio Solution File, Format Version 12.00
# Visual Studio 14
VisualStudioVersion = 14.0.25420.1
MinimumVisualStudioVersion = 10.0.40219.1
Project("{8BB2217D-0F2D-49D1-97BC-3654ED321F3B}") = "StackExchange.Redis", "StackExchange.Redis\StackExchange.Redis.xproj", "{EF84877F-59BE-41BE-9013-E765AF0BB72E}"
EndProject
Project("{8BB2217D-0F2D-49D1-97BC-3654ED321F3B}") = "StackExchange.Redis.StrongName", "StackExchange.Redis.StrongName\StackExchange.Redis.StrongName.xproj", "{46754D2A-AC16-4686-B113-3DB08ACF4269}"
EndProject
Project("{8BB2217D-0F2D-49D1-97BC-3654ED321F3B}") = "StackExchange.Redis.Tests", "StackExchange.Redis.Tests\StackExchange.Redis.Tests.xproj", "{3B8BD8F1-8BFC-4D8C-B4DA-25FFAF3D1DBE}"
EndProject
Project("{2150E333-8FDC-42A3-9474-1A3956D46DE8}") = "Solution Items", "Solution Items", "{3AD17044-6BFF-4750-9AC2-2CA466375F2A}"
	ProjectSection(SolutionItems) = preProject
		global.json = global.json
		NuGet.Config = NuGet.Config
	EndProjectSection
EndProject
Project("{8BB2217D-0F2D-49D1-97BC-3654ED321F3B}") = "BasicTest", "BasicTest\BasicTest.xproj", "{939FA5F7-16AA-4847-812B-6EBC3748A86D}"
EndProject
Project("{8BB2217D-0F2D-49D1-97BC-3654ED321F3B}") = "RedisCore", "RedisCore\RedisCore.xproj", "{D77F118E-38D4-42C3-8A70-7A335C0DD2F4}"
EndProject
Global
	GlobalSection(SolutionConfigurationPlatforms) = preSolution
		Debug|Any CPU = Debug|Any CPU
		Release|Any CPU = Release|Any CPU
	EndGlobalSection
	GlobalSection(ProjectConfigurationPlatforms) = postSolution
		{EF84877F-59BE-41BE-9013-E765AF0BB72E}.Debug|Any CPU.ActiveCfg = Debug|Any CPU
		{EF84877F-59BE-41BE-9013-E765AF0BB72E}.Debug|Any CPU.Build.0 = Debug|Any CPU
		{EF84877F-59BE-41BE-9013-E765AF0BB72E}.Release|Any CPU.ActiveCfg = Release|Any CPU
		{EF84877F-59BE-41BE-9013-E765AF0BB72E}.Release|Any CPU.Build.0 = Release|Any CPU
		{46754D2A-AC16-4686-B113-3DB08ACF4269}.Debug|Any CPU.ActiveCfg = Debug|Any CPU
		{46754D2A-AC16-4686-B113-3DB08ACF4269}.Debug|Any CPU.Build.0 = Debug|Any CPU
		{46754D2A-AC16-4686-B113-3DB08ACF4269}.Release|Any CPU.ActiveCfg = Release|Any CPU
		{46754D2A-AC16-4686-B113-3DB08ACF4269}.Release|Any CPU.Build.0 = Release|Any CPU
		{3B8BD8F1-8BFC-4D8C-B4DA-25FFAF3D1DBE}.Debug|Any CPU.ActiveCfg = Debug|Any CPU
		{3B8BD8F1-8BFC-4D8C-B4DA-25FFAF3D1DBE}.Debug|Any CPU.Build.0 = Debug|Any CPU
		{3B8BD8F1-8BFC-4D8C-B4DA-25FFAF3D1DBE}.Release|Any CPU.ActiveCfg = Release|Any CPU
		{3B8BD8F1-8BFC-4D8C-B4DA-25FFAF3D1DBE}.Release|Any CPU.Build.0 = Release|Any CPU
		{939FA5F7-16AA-4847-812B-6EBC3748A86D}.Debug|Any CPU.ActiveCfg = Debug|Any CPU
		{939FA5F7-16AA-4847-812B-6EBC3748A86D}.Debug|Any CPU.Build.0 = Debug|Any CPU
		{939FA5F7-16AA-4847-812B-6EBC3748A86D}.Release|Any CPU.ActiveCfg = Release|Any CPU
		{939FA5F7-16AA-4847-812B-6EBC3748A86D}.Release|Any CPU.Build.0 = Release|Any CPU
		{D77F118E-38D4-42C3-8A70-7A335C0DD2F4}.Debug|Any CPU.ActiveCfg = Debug|Any CPU
		{D77F118E-38D4-42C3-8A70-7A335C0DD2F4}.Debug|Any CPU.Build.0 = Debug|Any CPU
		{D77F118E-38D4-42C3-8A70-7A335C0DD2F4}.Release|Any CPU.ActiveCfg = Release|Any CPU
		{D77F118E-38D4-42C3-8A70-7A335C0DD2F4}.Release|Any CPU.Build.0 = Release|Any CPU
	EndGlobalSection
	GlobalSection(SolutionProperties) = preSolution
		HideSolutionNode = FALSE
	EndGlobalSection
EndGlobal
