
Microsoft Visual Studio Solution File, Format Version 12.00
# Visual Studio 15
VisualStudioVersion = 15.0.26403.0
MinimumVisualStudioVersion = 10.0.40219.1
Project("{2150E333-8FDC-42A3-9474-1A3956D46DE8}") = "Solution Items", "Solution Items", "{3AD17044-6BFF-4750-9AC2-2CA466375F2A}"
	ProjectSection(SolutionItems) = preProject
		Directory.build.props = Directory.build.props
		NuGet.Config = NuGet.Config
	EndProjectSection
EndProject
Project("{2150E333-8FDC-42A3-9474-1A3956D46DE8}") = "Redis Configs", "Redis Configs", "{96E891CD-2ED7-4293-A7AB-4C6F5D8D2B05}"
	ProjectSection(SolutionItems) = preProject
		Redis Configs\master.conf = Redis Configs\master.conf
		Redis Configs\redis-cli 7000.cmd = Redis Configs\redis-cli 7000.cmd
		Redis Configs\redis-cli 7001.cmd = Redis Configs\redis-cli 7001.cmd
		Redis Configs\redis-cli 7002.cmd = Redis Configs\redis-cli 7002.cmd
		Redis Configs\redis-cli 7003.cmd = Redis Configs\redis-cli 7003.cmd
		Redis Configs\redis-cli 7004.cmd = Redis Configs\redis-cli 7004.cmd
		Redis Configs\redis-cli 7005.cmd = Redis Configs\redis-cli 7005.cmd
		Redis Configs\redis-cli master.cmd = Redis Configs\redis-cli master.cmd
		Redis Configs\redis-cli secure.cmd = Redis Configs\redis-cli secure.cmd
		Redis Configs\redis-cli slave.cmd = Redis Configs\redis-cli slave.cmd
		Redis Configs\redis-server all local.cmd = Redis Configs\redis-server all local.cmd
		Redis Configs\redis-server master.cmd = Redis Configs\redis-server master.cmd
		Redis Configs\redis-server secure.cmd = Redis Configs\redis-server secure.cmd
		Redis Configs\redis-server slave.cmd = Redis Configs\redis-server slave.cmd
		Redis Configs\secure.conf = Redis Configs\secure.conf
		Redis Configs\slave.conf = Redis Configs\slave.conf
	EndProjectSection
EndProject
Project("{9A19103F-16F7-4668-BE54-9A1E7A4F7556}") = "StackExchange.Redis", "StackExchange.Redis\StackExchange.Redis.csproj", "{EF84877F-59BE-41BE-9013-E765AF0BB72E}"
EndProject
Project("{9A19103F-16F7-4668-BE54-9A1E7A4F7556}") = "StackExchange.Redis.StrongName", "StackExchange.Redis.StrongName\StackExchange.Redis.StrongName.csproj", "{46754D2A-AC16-4686-B113-3DB08ACF4269}"
EndProject
Project("{9A19103F-16F7-4668-BE54-9A1E7A4F7556}") = "StackExchange.Redis.Tests", "StackExchange.Redis.Tests\StackExchange.Redis.Tests.csproj", "{3B8BD8F1-8BFC-4D8C-B4DA-25FFAF3D1DBE}"
EndProject
Project("{9A19103F-16F7-4668-BE54-9A1E7A4F7556}") = "BasicTest", "BasicTest\BasicTest.csproj", "{939FA5F7-16AA-4847-812B-6EBC3748A86D}"
EndProject
Project("{9A19103F-16F7-4668-BE54-9A1E7A4F7556}") = "MigratedBookSleeveTestSuite", "MigratedBookSleeveTestSuite\MigratedBookSleeveTestSuite.csproj", "{0FA2F7C5-1D36-40C4-82D1-93DBF43765D7}"
EndProject
Project("{9A19103F-16F7-4668-BE54-9A1E7A4F7556}") = "NRediSearch", "NRediSearch\NRediSearch.csproj", "{71455B07-E628-4F3A-9FFF-9EC63071F78E}"
EndProject
Project("{9A19103F-16F7-4668-BE54-9A1E7A4F7556}") = "NRediSearch.Test", "NRediSearch.Test\NRediSearch.Test.csproj", "{94D233F5-2400-4542-98B9-BA72005C57DC}"
EndProject
Global
	GlobalSection(SolutionConfigurationPlatforms) = preSolution
		Debug|Any CPU = Debug|Any CPU
		Log Output|Any CPU = Log Output|Any CPU
		Mono|Any CPU = Mono|Any CPU
		Release|Any CPU = Release|Any CPU
		Verbose|Any CPU = Verbose|Any CPU
	EndGlobalSection
	GlobalSection(ProjectConfigurationPlatforms) = postSolution
		{EF84877F-59BE-41BE-9013-E765AF0BB72E}.Debug|Any CPU.ActiveCfg = Debug|Any CPU
		{EF84877F-59BE-41BE-9013-E765AF0BB72E}.Debug|Any CPU.Build.0 = Debug|Any CPU
		{EF84877F-59BE-41BE-9013-E765AF0BB72E}.Log Output|Any CPU.ActiveCfg = Release|Any CPU
		{EF84877F-59BE-41BE-9013-E765AF0BB72E}.Log Output|Any CPU.Build.0 = Release|Any CPU
		{EF84877F-59BE-41BE-9013-E765AF0BB72E}.Mono|Any CPU.ActiveCfg = Release|Any CPU
		{EF84877F-59BE-41BE-9013-E765AF0BB72E}.Mono|Any CPU.Build.0 = Release|Any CPU
		{EF84877F-59BE-41BE-9013-E765AF0BB72E}.Release|Any CPU.ActiveCfg = Release|Any CPU
		{EF84877F-59BE-41BE-9013-E765AF0BB72E}.Release|Any CPU.Build.0 = Release|Any CPU
		{EF84877F-59BE-41BE-9013-E765AF0BB72E}.Verbose|Any CPU.ActiveCfg = Release|Any CPU
		{EF84877F-59BE-41BE-9013-E765AF0BB72E}.Verbose|Any CPU.Build.0 = Release|Any CPU
		{46754D2A-AC16-4686-B113-3DB08ACF4269}.Debug|Any CPU.ActiveCfg = Debug|Any CPU
		{46754D2A-AC16-4686-B113-3DB08ACF4269}.Debug|Any CPU.Build.0 = Debug|Any CPU
		{46754D2A-AC16-4686-B113-3DB08ACF4269}.Log Output|Any CPU.ActiveCfg = Release|Any CPU
		{46754D2A-AC16-4686-B113-3DB08ACF4269}.Log Output|Any CPU.Build.0 = Release|Any CPU
		{46754D2A-AC16-4686-B113-3DB08ACF4269}.Mono|Any CPU.ActiveCfg = Release|Any CPU
		{46754D2A-AC16-4686-B113-3DB08ACF4269}.Mono|Any CPU.Build.0 = Release|Any CPU
		{46754D2A-AC16-4686-B113-3DB08ACF4269}.Release|Any CPU.ActiveCfg = Release|Any CPU
		{46754D2A-AC16-4686-B113-3DB08ACF4269}.Release|Any CPU.Build.0 = Release|Any CPU
		{46754D2A-AC16-4686-B113-3DB08ACF4269}.Verbose|Any CPU.ActiveCfg = Release|Any CPU
		{46754D2A-AC16-4686-B113-3DB08ACF4269}.Verbose|Any CPU.Build.0 = Release|Any CPU
		{3B8BD8F1-8BFC-4D8C-B4DA-25FFAF3D1DBE}.Debug|Any CPU.ActiveCfg = Debug|Any CPU
		{3B8BD8F1-8BFC-4D8C-B4DA-25FFAF3D1DBE}.Debug|Any CPU.Build.0 = Debug|Any CPU
		{3B8BD8F1-8BFC-4D8C-B4DA-25FFAF3D1DBE}.Log Output|Any CPU.ActiveCfg = Release|Any CPU
		{3B8BD8F1-8BFC-4D8C-B4DA-25FFAF3D1DBE}.Log Output|Any CPU.Build.0 = Release|Any CPU
		{3B8BD8F1-8BFC-4D8C-B4DA-25FFAF3D1DBE}.Mono|Any CPU.ActiveCfg = Release|Any CPU
		{3B8BD8F1-8BFC-4D8C-B4DA-25FFAF3D1DBE}.Mono|Any CPU.Build.0 = Release|Any CPU
		{3B8BD8F1-8BFC-4D8C-B4DA-25FFAF3D1DBE}.Release|Any CPU.ActiveCfg = Release|Any CPU
		{3B8BD8F1-8BFC-4D8C-B4DA-25FFAF3D1DBE}.Release|Any CPU.Build.0 = Release|Any CPU
		{3B8BD8F1-8BFC-4D8C-B4DA-25FFAF3D1DBE}.Verbose|Any CPU.ActiveCfg = Release|Any CPU
		{3B8BD8F1-8BFC-4D8C-B4DA-25FFAF3D1DBE}.Verbose|Any CPU.Build.0 = Release|Any CPU
		{939FA5F7-16AA-4847-812B-6EBC3748A86D}.Debug|Any CPU.ActiveCfg = Debug|Any CPU
		{939FA5F7-16AA-4847-812B-6EBC3748A86D}.Debug|Any CPU.Build.0 = Debug|Any CPU
		{939FA5F7-16AA-4847-812B-6EBC3748A86D}.Log Output|Any CPU.ActiveCfg = Debug|Any CPU
		{939FA5F7-16AA-4847-812B-6EBC3748A86D}.Log Output|Any CPU.Build.0 = Debug|Any CPU
		{939FA5F7-16AA-4847-812B-6EBC3748A86D}.Mono|Any CPU.ActiveCfg = Debug|Any CPU
		{939FA5F7-16AA-4847-812B-6EBC3748A86D}.Mono|Any CPU.Build.0 = Debug|Any CPU
		{939FA5F7-16AA-4847-812B-6EBC3748A86D}.Release|Any CPU.ActiveCfg = Release|Any CPU
		{939FA5F7-16AA-4847-812B-6EBC3748A86D}.Release|Any CPU.Build.0 = Release|Any CPU
		{939FA5F7-16AA-4847-812B-6EBC3748A86D}.Verbose|Any CPU.ActiveCfg = Debug|Any CPU
		{939FA5F7-16AA-4847-812B-6EBC3748A86D}.Verbose|Any CPU.Build.0 = Debug|Any CPU
		{0FA2F7C5-1D36-40C4-82D1-93DBF43765D7}.Debug|Any CPU.ActiveCfg = Debug|Any CPU
		{0FA2F7C5-1D36-40C4-82D1-93DBF43765D7}.Debug|Any CPU.Build.0 = Debug|Any CPU
		{0FA2F7C5-1D36-40C4-82D1-93DBF43765D7}.Log Output|Any CPU.ActiveCfg = Debug|Any CPU
		{0FA2F7C5-1D36-40C4-82D1-93DBF43765D7}.Log Output|Any CPU.Build.0 = Debug|Any CPU
		{0FA2F7C5-1D36-40C4-82D1-93DBF43765D7}.Mono|Any CPU.ActiveCfg = Debug|Any CPU
		{0FA2F7C5-1D36-40C4-82D1-93DBF43765D7}.Mono|Any CPU.Build.0 = Debug|Any CPU
		{0FA2F7C5-1D36-40C4-82D1-93DBF43765D7}.Release|Any CPU.ActiveCfg = Release|Any CPU
		{0FA2F7C5-1D36-40C4-82D1-93DBF43765D7}.Release|Any CPU.Build.0 = Release|Any CPU
		{0FA2F7C5-1D36-40C4-82D1-93DBF43765D7}.Verbose|Any CPU.ActiveCfg = Debug|Any CPU
		{0FA2F7C5-1D36-40C4-82D1-93DBF43765D7}.Verbose|Any CPU.Build.0 = Debug|Any CPU
		{71455B07-E628-4F3A-9FFF-9EC63071F78E}.Debug|Any CPU.ActiveCfg = Debug|Any CPU
		{71455B07-E628-4F3A-9FFF-9EC63071F78E}.Debug|Any CPU.Build.0 = Debug|Any CPU
		{71455B07-E628-4F3A-9FFF-9EC63071F78E}.Log Output|Any CPU.ActiveCfg = Release|Any CPU
		{71455B07-E628-4F3A-9FFF-9EC63071F78E}.Log Output|Any CPU.Build.0 = Release|Any CPU
		{71455B07-E628-4F3A-9FFF-9EC63071F78E}.Mono|Any CPU.ActiveCfg = Release|Any CPU
		{71455B07-E628-4F3A-9FFF-9EC63071F78E}.Mono|Any CPU.Build.0 = Release|Any CPU
		{71455B07-E628-4F3A-9FFF-9EC63071F78E}.Release|Any CPU.ActiveCfg = Release|Any CPU
		{71455B07-E628-4F3A-9FFF-9EC63071F78E}.Release|Any CPU.Build.0 = Release|Any CPU
		{71455B07-E628-4F3A-9FFF-9EC63071F78E}.Verbose|Any CPU.ActiveCfg = Release|Any CPU
		{71455B07-E628-4F3A-9FFF-9EC63071F78E}.Verbose|Any CPU.Build.0 = Release|Any CPU
		{94D233F5-2400-4542-98B9-BA72005C57DC}.Debug|Any CPU.ActiveCfg = Debug|Any CPU
		{94D233F5-2400-4542-98B9-BA72005C57DC}.Debug|Any CPU.Build.0 = Debug|Any CPU
		{94D233F5-2400-4542-98B9-BA72005C57DC}.Log Output|Any CPU.ActiveCfg = Debug|Any CPU
		{94D233F5-2400-4542-98B9-BA72005C57DC}.Log Output|Any CPU.Build.0 = Debug|Any CPU
		{94D233F5-2400-4542-98B9-BA72005C57DC}.Mono|Any CPU.ActiveCfg = Debug|Any CPU
		{94D233F5-2400-4542-98B9-BA72005C57DC}.Mono|Any CPU.Build.0 = Debug|Any CPU
		{94D233F5-2400-4542-98B9-BA72005C57DC}.Release|Any CPU.ActiveCfg = Release|Any CPU
		{94D233F5-2400-4542-98B9-BA72005C57DC}.Release|Any CPU.Build.0 = Release|Any CPU
		{94D233F5-2400-4542-98B9-BA72005C57DC}.Verbose|Any CPU.ActiveCfg = Debug|Any CPU
		{94D233F5-2400-4542-98B9-BA72005C57DC}.Verbose|Any CPU.Build.0 = Debug|Any CPU
	EndGlobalSection
	GlobalSection(SolutionProperties) = preSolution
		HideSolutionNode = FALSE
	EndGlobalSection
EndGlobal
